// !$*UTF8*$!
{
	archiveVersion = 1;
	classes = {
	};
	objectVersion = 52;
	objects = {

/* Begin PBXBuildFile section */
		812B3D13297E676500442896 /* ViewExtension.swift in Sources */ = {isa = PBXBuildFile; fileRef = 812B3D12297E676500442896 /* ViewExtension.swift */; };
		81377B9F2910C6C300274799 /* RailyardRow.swift in Sources */ = {isa = PBXBuildFile; fileRef = 81377B9E2910C6C300274799 /* RailyardRow.swift */; };
		81377BA12910C7F500274799 /* SearchOverlay.swift in Sources */ = {isa = PBXBuildFile; fileRef = 81377BA02910C7F500274799 /* SearchOverlay.swift */; };
		81377BA32910C82700274799 /* ListOverlay.swift in Sources */ = {isa = PBXBuildFile; fileRef = 81377BA22910C82700274799 /* ListOverlay.swift */; };
		81377BA52910CAC500274799 /* SearchManager.swift in Sources */ = {isa = PBXBuildFile; fileRef = 81377BA42910CAC500274799 /* SearchManager.swift */; };
		8171B85F28AF1E390004B7B7 /* QueryTags.swift in Sources */ = {isa = PBXBuildFile; fileRef = 8171B85E28AF1E390004B7B7 /* QueryTags.swift */; };
		8175C3F529D91C1C00158CDC /* LaunchScreen.storyboard in Resources */ = {isa = PBXBuildFile; fileRef = 8175C3F429D91C1C00158CDC /* LaunchScreen.storyboard */; };
		8181116D292CA5A2007E57C3 /* TimeIntervalExtension.swift in Sources */ = {isa = PBXBuildFile; fileRef = 8181116C292CA5A2007E57C3 /* TimeIntervalExtension.swift */; };
		81BF45DA295F7B970028B622 /* RefreshableScrollView.swift in Sources */ = {isa = PBXBuildFile; fileRef = 81BF45D9295F7B970028B622 /* RefreshableScrollView.swift */; };
		81BF45DC295F7C040028B622 /* FramePreferenceKey.swift in Sources */ = {isa = PBXBuildFile; fileRef = 81BF45DB295F7C040028B622 /* FramePreferenceKey.swift */; };
		81BF45DE295F7C620028B622 /* RefreshableScrollViewModel.swift in Sources */ = {isa = PBXBuildFile; fileRef = 81BF45DD295F7C620028B622 /* RefreshableScrollViewModel.swift */; };
		81BF45E0295F7CB80028B622 /* ActivityIndicator.swift in Sources */ = {isa = PBXBuildFile; fileRef = 81BF45DF295F7CB80028B622 /* ActivityIndicator.swift */; };
		81C967D729DA961000706791 /* CLLocationCoordinate2DExtension.swift in Sources */ = {isa = PBXBuildFile; fileRef = 81C967D629DA961000706791 /* CLLocationCoordinate2DExtension.swift */; };
		81C9DD352930525F00710E07 /* Waittime.swift in Sources */ = {isa = PBXBuildFile; fileRef = 81C9DD342930525F00710E07 /* Waittime.swift */; };
		81E22CD12937E4DF00BAE661 /* EmailView.swift in Sources */ = {isa = PBXBuildFile; fileRef = 81E22CD02937E4DF00BAE661 /* EmailView.swift */; };
		81E70B7029D24DDA00059CD5 /* ArrayExtension.swift in Sources */ = {isa = PBXBuildFile; fileRef = 81E70B6F29D24DDA00059CD5 /* ArrayExtension.swift */; };
		BF2C4D61281E31A200C241BF /* Rail2RoadApp.swift in Sources */ = {isa = PBXBuildFile; fileRef = BF2C4D60281E31A200C241BF /* Rail2RoadApp.swift */; };
		BF2C4D63281E31A200C241BF /* ContentView.swift in Sources */ = {isa = PBXBuildFile; fileRef = BF2C4D62281E31A200C241BF /* ContentView.swift */; };
		BF2C4D65281E31A200C241BF /* Assets.xcassets in Resources */ = {isa = PBXBuildFile; fileRef = BF2C4D64281E31A200C241BF /* Assets.xcassets */; };
		BF2C4D68281E31A200C241BF /* Preview Assets.xcassets in Resources */ = {isa = PBXBuildFile; fileRef = BF2C4D67281E31A200C241BF /* Preview Assets.xcassets */; };
		BF2C4D72281E3E2500C241BF /* FirebaseAuth in Frameworks */ = {isa = PBXBuildFile; productRef = BF2C4D71281E3E2500C241BF /* FirebaseAuth */; };
		BF2C4D74281E3E2500C241BF /* FirebaseDatabaseSwift-Beta in Frameworks */ = {isa = PBXBuildFile; productRef = BF2C4D73281E3E2500C241BF /* FirebaseDatabaseSwift-Beta */; };
		BF2C4D77281E410200C241BF /* FireDatabaseReference.swift in Sources */ = {isa = PBXBuildFile; fileRef = BF2C4D76281E410200C241BF /* FireDatabaseReference.swift */; };
		BF2C4D7B281E415F00C241BF /* DataConglomerate.swift in Sources */ = {isa = PBXBuildFile; fileRef = BF2C4D7A281E415F00C241BF /* DataConglomerate.swift */; };
		BF2C4D7F281E473F00C241BF /* GoogleService-Info.plist in Resources */ = {isa = PBXBuildFile; fileRef = BF2C4D7E281E473F00C241BF /* GoogleService-Info.plist */; };
		BF2C4D86281E5D0C00C241BF /* LoginView.swift in Sources */ = {isa = PBXBuildFile; fileRef = BF2C4D85281E5D0C00C241BF /* LoginView.swift */; };
		BF2C4D89281E5D8200C241BF /* RegisterView.swift in Sources */ = {isa = PBXBuildFile; fileRef = BF2C4D88281E5D8200C241BF /* RegisterView.swift */; };
		BF2C4D8C281E5DA600C241BF /* ResetView.swift in Sources */ = {isa = PBXBuildFile; fileRef = BF2C4D8B281E5DA600C241BF /* ResetView.swift */; };
		BF2C4D8F281E5E0200C241BF /* MapView.swift in Sources */ = {isa = PBXBuildFile; fileRef = BF2C4D8E281E5E0200C241BF /* MapView.swift */; };
		BF2C4D92281E5E1F00C241BF /* DetailView.swift in Sources */ = {isa = PBXBuildFile; fileRef = BF2C4D91281E5E1F00C241BF /* DetailView.swift */; };
		BF2C4D95281E5E3E00C241BF /* ReportView.swift in Sources */ = {isa = PBXBuildFile; fileRef = BF2C4D94281E5E3E00C241BF /* ReportView.swift */; };
		BF2C4D98281E5E4E00C241BF /* UserView.swift in Sources */ = {isa = PBXBuildFile; fileRef = BF2C4D97281E5E4E00C241BF /* UserView.swift */; };
		BF2C4D9B281E5E5900C241BF /* EditView.swift in Sources */ = {isa = PBXBuildFile; fileRef = BF2C4D9A281E5E5900C241BF /* EditView.swift */; };
		BF8986532889CFCA00BF676E /* LocationManager.swift in Sources */ = {isa = PBXBuildFile; fileRef = BF8986522889CFCA00BF676E /* LocationManager.swift */; };
		BF8A79C22824D75E007B4AE2 /* Railyard.swift in Sources */ = {isa = PBXBuildFile; fileRef = BF8A79C12824D75E007B4AE2 /* Railyard.swift */; };
		BF8A79C52824D873007B4AE2 /* RailyardAnnotation.swift in Sources */ = {isa = PBXBuildFile; fileRef = BF8A79C42824D873007B4AE2 /* RailyardAnnotation.swift */; };
		BFBE4051288F0CF700DA2FD3 /* Chat.swift in Sources */ = {isa = PBXBuildFile; fileRef = BFBE4050288F0CF700DA2FD3 /* Chat.swift */; };
		BFBE4054288F0F9700DA2FD3 /* ChatBubble.swift in Sources */ = {isa = PBXBuildFile; fileRef = BFBE4053288F0F9700DA2FD3 /* ChatBubble.swift */; };
/* End PBXBuildFile section */

/* Begin PBXFileReference section */
		812B3D12297E676500442896 /* ViewExtension.swift */ = {isa = PBXFileReference; lastKnownFileType = sourcecode.swift; path = ViewExtension.swift; sourceTree = "<group>"; };
		81377B9E2910C6C300274799 /* RailyardRow.swift */ = {isa = PBXFileReference; lastKnownFileType = sourcecode.swift; path = RailyardRow.swift; sourceTree = "<group>"; };
		81377BA02910C7F500274799 /* SearchOverlay.swift */ = {isa = PBXFileReference; lastKnownFileType = sourcecode.swift; path = SearchOverlay.swift; sourceTree = "<group>"; };
		81377BA22910C82700274799 /* ListOverlay.swift */ = {isa = PBXFileReference; lastKnownFileType = sourcecode.swift; path = ListOverlay.swift; sourceTree = "<group>"; };
		81377BA42910CAC500274799 /* SearchManager.swift */ = {isa = PBXFileReference; lastKnownFileType = sourcecode.swift; path = SearchManager.swift; sourceTree = "<group>"; };
		8171B85E28AF1E390004B7B7 /* QueryTags.swift */ = {isa = PBXFileReference; lastKnownFileType = sourcecode.swift; path = QueryTags.swift; sourceTree = "<group>"; };
		8175C3F429D91C1C00158CDC /* LaunchScreen.storyboard */ = {isa = PBXFileReference; fileEncoding = 4; lastKnownFileType = file.storyboard; path = LaunchScreen.storyboard; sourceTree = "<group>"; };
		8181116C292CA5A2007E57C3 /* TimeIntervalExtension.swift */ = {isa = PBXFileReference; lastKnownFileType = sourcecode.swift; path = TimeIntervalExtension.swift; sourceTree = "<group>"; };
		81BF45D9295F7B970028B622 /* RefreshableScrollView.swift */ = {isa = PBXFileReference; lastKnownFileType = sourcecode.swift; path = RefreshableScrollView.swift; sourceTree = "<group>"; };
		81BF45DB295F7C040028B622 /* FramePreferenceKey.swift */ = {isa = PBXFileReference; lastKnownFileType = sourcecode.swift; path = FramePreferenceKey.swift; sourceTree = "<group>"; };
		81BF45DD295F7C620028B622 /* RefreshableScrollViewModel.swift */ = {isa = PBXFileReference; lastKnownFileType = sourcecode.swift; path = RefreshableScrollViewModel.swift; sourceTree = "<group>"; };
		81BF45DF295F7CB80028B622 /* ActivityIndicator.swift */ = {isa = PBXFileReference; lastKnownFileType = sourcecode.swift; path = ActivityIndicator.swift; sourceTree = "<group>"; };
		81C967D629DA961000706791 /* CLLocationCoordinate2DExtension.swift */ = {isa = PBXFileReference; lastKnownFileType = sourcecode.swift; path = CLLocationCoordinate2DExtension.swift; sourceTree = "<group>"; };
		81C9DD342930525F00710E07 /* Waittime.swift */ = {isa = PBXFileReference; lastKnownFileType = sourcecode.swift; path = Waittime.swift; sourceTree = "<group>"; };
		81E22CD02937E4DF00BAE661 /* EmailView.swift */ = {isa = PBXFileReference; lastKnownFileType = sourcecode.swift; path = EmailView.swift; sourceTree = "<group>"; };
		81E70B6F29D24DDA00059CD5 /* ArrayExtension.swift */ = {isa = PBXFileReference; lastKnownFileType = sourcecode.swift; path = ArrayExtension.swift; sourceTree = "<group>"; };
		BF2C4D5D281E31A200C241BF /* Rail2Road.app */ = {isa = PBXFileReference; explicitFileType = wrapper.application; includeInIndex = 0; path = Rail2Road.app; sourceTree = BUILT_PRODUCTS_DIR; };
		BF2C4D60281E31A200C241BF /* Rail2RoadApp.swift */ = {isa = PBXFileReference; lastKnownFileType = sourcecode.swift; path = Rail2RoadApp.swift; sourceTree = "<group>"; };
		BF2C4D62281E31A200C241BF /* ContentView.swift */ = {isa = PBXFileReference; lastKnownFileType = sourcecode.swift; path = ContentView.swift; sourceTree = "<group>"; };
		BF2C4D64281E31A200C241BF /* Assets.xcassets */ = {isa = PBXFileReference; lastKnownFileType = folder.assetcatalog; path = Assets.xcassets; sourceTree = "<group>"; };
		BF2C4D67281E31A200C241BF /* Preview Assets.xcassets */ = {isa = PBXFileReference; lastKnownFileType = folder.assetcatalog; path = "Preview Assets.xcassets"; sourceTree = "<group>"; };
		BF2C4D69281E31A200C241BF /* Info.plist */ = {isa = PBXFileReference; lastKnownFileType = text.plist.xml; path = Info.plist; sourceTree = "<group>"; };
		BF2C4D76281E410200C241BF /* FireDatabaseReference.swift */ = {isa = PBXFileReference; lastKnownFileType = sourcecode.swift; path = FireDatabaseReference.swift; sourceTree = "<group>"; };
		BF2C4D7A281E415F00C241BF /* DataConglomerate.swift */ = {isa = PBXFileReference; lastKnownFileType = sourcecode.swift; path = DataConglomerate.swift; sourceTree = "<group>"; };
		BF2C4D7E281E473F00C241BF /* GoogleService-Info.plist */ = {isa = PBXFileReference; fileEncoding = 4; lastKnownFileType = text.plist.xml; path = "GoogleService-Info.plist"; sourceTree = "<group>"; };
		BF2C4D85281E5D0C00C241BF /* LoginView.swift */ = {isa = PBXFileReference; lastKnownFileType = sourcecode.swift; path = LoginView.swift; sourceTree = "<group>"; };
		BF2C4D88281E5D8200C241BF /* RegisterView.swift */ = {isa = PBXFileReference; lastKnownFileType = sourcecode.swift; path = RegisterView.swift; sourceTree = "<group>"; };
		BF2C4D8B281E5DA600C241BF /* ResetView.swift */ = {isa = PBXFileReference; lastKnownFileType = sourcecode.swift; path = ResetView.swift; sourceTree = "<group>"; };
		BF2C4D8E281E5E0200C241BF /* MapView.swift */ = {isa = PBXFileReference; lastKnownFileType = sourcecode.swift; path = MapView.swift; sourceTree = "<group>"; };
		BF2C4D91281E5E1F00C241BF /* DetailView.swift */ = {isa = PBXFileReference; lastKnownFileType = sourcecode.swift; path = DetailView.swift; sourceTree = "<group>"; };
		BF2C4D94281E5E3E00C241BF /* ReportView.swift */ = {isa = PBXFileReference; lastKnownFileType = sourcecode.swift; path = ReportView.swift; sourceTree = "<group>"; };
		BF2C4D97281E5E4E00C241BF /* UserView.swift */ = {isa = PBXFileReference; lastKnownFileType = sourcecode.swift; path = UserView.swift; sourceTree = "<group>"; };
		BF2C4D9A281E5E5900C241BF /* EditView.swift */ = {isa = PBXFileReference; lastKnownFileType = sourcecode.swift; path = EditView.swift; sourceTree = "<group>"; };
		BF8986522889CFCA00BF676E /* LocationManager.swift */ = {isa = PBXFileReference; lastKnownFileType = sourcecode.swift; path = LocationManager.swift; sourceTree = "<group>"; };
		BF8A79C12824D75E007B4AE2 /* Railyard.swift */ = {isa = PBXFileReference; lastKnownFileType = sourcecode.swift; path = Railyard.swift; sourceTree = "<group>"; };
		BF8A79C42824D873007B4AE2 /* RailyardAnnotation.swift */ = {isa = PBXFileReference; lastKnownFileType = sourcecode.swift; path = RailyardAnnotation.swift; sourceTree = "<group>"; };
		BFBE4050288F0CF700DA2FD3 /* Chat.swift */ = {isa = PBXFileReference; lastKnownFileType = sourcecode.swift; path = Chat.swift; sourceTree = "<group>"; };
		BFBE4053288F0F9700DA2FD3 /* ChatBubble.swift */ = {isa = PBXFileReference; lastKnownFileType = sourcecode.swift; path = ChatBubble.swift; sourceTree = "<group>"; };
/* End PBXFileReference section */

/* Begin PBXFrameworksBuildPhase section */
		BF2C4D5A281E31A200C241BF /* Frameworks */ = {
			isa = PBXFrameworksBuildPhase;
			buildActionMask = 2147483647;
			files = (
				BF2C4D74281E3E2500C241BF /* FirebaseDatabaseSwift-Beta in Frameworks */,
				BF2C4D72281E3E2500C241BF /* FirebaseAuth in Frameworks */,
			);
			runOnlyForDeploymentPostprocessing = 0;
		};
/* End PBXFrameworksBuildPhase section */

/* Begin PBXGroup section */
		BF2C4D54281E31A200C241BF = {
			isa = PBXGroup;
			children = (
				BF2C4D5F281E31A200C241BF /* Rail2Road */,
				BF2C4D5E281E31A200C241BF /* Products */,
			);
			sourceTree = "<group>";
		};
		BF2C4D5E281E31A200C241BF /* Products */ = {
			isa = PBXGroup;
			children = (
				BF2C4D5D281E31A200C241BF /* Rail2Road.app */,
			);
			name = Products;
			sourceTree = "<group>";
		};
		BF2C4D5F281E31A200C241BF /* Rail2Road */ = {
			isa = PBXGroup;
			children = (
				81BF45DF295F7CB80028B622 /* ActivityIndicator.swift */,
				BF2C4D79281E413C00C241BF /* Model */,
				BF2C4D60281E31A200C241BF /* Rail2RoadApp.swift */,
				BF2C4D7E281E473F00C241BF /* GoogleService-Info.plist */,
				BF2C4D62281E31A200C241BF /* ContentView.swift */,
				BF2C4D88281E5D8200C241BF /* RegisterView.swift */,
				BF2C4D8B281E5DA600C241BF /* ResetView.swift */,
				BF2C4D85281E5D0C00C241BF /* LoginView.swift */,
				BF2C4D8E281E5E0200C241BF /* MapView.swift */,
				81377BA02910C7F500274799 /* SearchOverlay.swift */,
				81377BA22910C82700274799 /* ListOverlay.swift */,
				BF8A79C42824D873007B4AE2 /* RailyardAnnotation.swift */,
				BF2C4D91281E5E1F00C241BF /* DetailView.swift */,
				81BF45D9295F7B970028B622 /* RefreshableScrollView.swift */,
				81BF45DD295F7C620028B622 /* RefreshableScrollViewModel.swift */,
				81BF45DB295F7C040028B622 /* FramePreferenceKey.swift */,
				8175C3F429D91C1C00158CDC /* LaunchScreen.storyboard */,
				BFBE4053288F0F9700DA2FD3 /* ChatBubble.swift */,
				BF2C4D94281E5E3E00C241BF /* ReportView.swift */,
				81377B9E2910C6C300274799 /* RailyardRow.swift */,
				BF2C4D97281E5E4E00C241BF /* UserView.swift */,
				81E22CD02937E4DF00BAE661 /* EmailView.swift */,
				BF2C4D9A281E5E5900C241BF /* EditView.swift */,
				BF2C4D64281E31A200C241BF /* Assets.xcassets */,
				BF2C4D69281E31A200C241BF /* Info.plist */,
				BF2C4D66281E31A200C241BF /* Preview Content */,
				BF2C4D76281E410200C241BF /* FireDatabaseReference.swift */,
			);
			path = Rail2Road;
			sourceTree = "<group>";
		};
		BF2C4D66281E31A200C241BF /* Preview Content */ = {
			isa = PBXGroup;
			children = (
				BF2C4D67281E31A200C241BF /* Preview Assets.xcassets */,
			);
			path = "Preview Content";
			sourceTree = "<group>";
		};
		BF2C4D79281E413C00C241BF /* Model */ = {
			isa = PBXGroup;
			children = (
				812B3D12297E676500442896 /* ViewExtension.swift */,
				81C9DD342930525F00710E07 /* Waittime.swift */,
				BF2C4D7A281E415F00C241BF /* DataConglomerate.swift */,
				81E70B6F29D24DDA00059CD5 /* ArrayExtension.swift */,
				BFBE4050288F0CF700DA2FD3 /* Chat.swift */,
				BF8A79C12824D75E007B4AE2 /* Railyard.swift */,
				BF8986522889CFCA00BF676E /* LocationManager.swift */,
				81377BA42910CAC500274799 /* SearchManager.swift */,
				8171B85E28AF1E390004B7B7 /* QueryTags.swift */,
				8181116C292CA5A2007E57C3 /* TimeIntervalExtension.swift */,
				81C967D629DA961000706791 /* CLLocationCoordinate2DExtension.swift */,
			);
			path = Model;
			sourceTree = "<group>";
		};
/* End PBXGroup section */

/* Begin PBXNativeTarget section */
		BF2C4D5C281E31A200C241BF /* Rail2Road */ = {
			isa = PBXNativeTarget;
			buildConfigurationList = BF2C4D6C281E31A200C241BF /* Build configuration list for PBXNativeTarget "Rail2Road" */;
			buildPhases = (
				BF2C4D59281E31A200C241BF /* Sources */,
				BF2C4D5A281E31A200C241BF /* Frameworks */,
				BF2C4D5B281E31A200C241BF /* Resources */,
			);
			buildRules = (
			);
			dependencies = (
			);
			name = Rail2Road;
			packageProductDependencies = (
				BF2C4D71281E3E2500C241BF /* FirebaseAuth */,
				BF2C4D73281E3E2500C241BF /* FirebaseDatabaseSwift-Beta */,
			);
			productName = Rail2Road;
			productReference = BF2C4D5D281E31A200C241BF /* Rail2Road.app */;
			productType = "com.apple.product-type.application";
		};
/* End PBXNativeTarget section */

/* Begin PBXProject section */
		BF2C4D55281E31A200C241BF /* Project object */ = {
			isa = PBXProject;
			attributes = {
				LastSwiftUpdateCheck = 1240;
				LastUpgradeCheck = 1240;
				TargetAttributes = {
					BF2C4D5C281E31A200C241BF = {
						CreatedOnToolsVersion = 12.4;
					};
				};
			};
			buildConfigurationList = BF2C4D58281E31A200C241BF /* Build configuration list for PBXProject "Rail2Road" */;
			compatibilityVersion = "Xcode 9.3";
			developmentRegion = en;
			hasScannedForEncodings = 0;
			knownRegions = (
				en,
				Base,
			);
			mainGroup = BF2C4D54281E31A200C241BF;
			packageReferences = (
				BF2C4D70281E3E2500C241BF /* XCRemoteSwiftPackageReference "firebase-ios-sdk" */,
			);
			productRefGroup = BF2C4D5E281E31A200C241BF /* Products */;
			projectDirPath = "";
			projectRoot = "";
			targets = (
				BF2C4D5C281E31A200C241BF /* Rail2Road */,
			);
		};
/* End PBXProject section */

/* Begin PBXResourcesBuildPhase section */
		BF2C4D5B281E31A200C241BF /* Resources */ = {
			isa = PBXResourcesBuildPhase;
			buildActionMask = 2147483647;
			files = (
				BF2C4D68281E31A200C241BF /* Preview Assets.xcassets in Resources */,
				8175C3F529D91C1C00158CDC /* LaunchScreen.storyboard in Resources */,
				BF2C4D65281E31A200C241BF /* Assets.xcassets in Resources */,
				BF2C4D7F281E473F00C241BF /* GoogleService-Info.plist in Resources */,
			);
			runOnlyForDeploymentPostprocessing = 0;
		};
/* End PBXResourcesBuildPhase section */

/* Begin PBXSourcesBuildPhase section */
		BF2C4D59281E31A200C241BF /* Sources */ = {
			isa = PBXSourcesBuildPhase;
			buildActionMask = 2147483647;
			files = (
				BF2C4D63281E31A200C241BF /* ContentView.swift in Sources */,
				BF2C4D92281E5E1F00C241BF /* DetailView.swift in Sources */,
				81377BA32910C82700274799 /* ListOverlay.swift in Sources */,
				81C967D729DA961000706791 /* CLLocationCoordinate2DExtension.swift in Sources */,
				BFBE4054288F0F9700DA2FD3 /* ChatBubble.swift in Sources */,
				BF8986532889CFCA00BF676E /* LocationManager.swift in Sources */,
				81BF45DA295F7B970028B622 /* RefreshableScrollView.swift in Sources */,
				81377B9F2910C6C300274799 /* RailyardRow.swift in Sources */,
				BF2C4D9B281E5E5900C241BF /* EditView.swift in Sources */,
				81377BA52910CAC500274799 /* SearchManager.swift in Sources */,
				BF2C4D8F281E5E0200C241BF /* MapView.swift in Sources */,
				8171B85F28AF1E390004B7B7 /* QueryTags.swift in Sources */,
				81BF45DC295F7C040028B622 /* FramePreferenceKey.swift in Sources */,
				BFBE4051288F0CF700DA2FD3 /* Chat.swift in Sources */,
				BF2C4D77281E410200C241BF /* FireDatabaseReference.swift in Sources */,
				81E22CD12937E4DF00BAE661 /* EmailView.swift in Sources */,
				BF2C4D98281E5E4E00C241BF /* UserView.swift in Sources */,
				81C9DD352930525F00710E07 /* Waittime.swift in Sources */,
				BF8A79C52824D873007B4AE2 /* RailyardAnnotation.swift in Sources */,
				81BF45DE295F7C620028B622 /* RefreshableScrollViewModel.swift in Sources */,
				BF2C4D61281E31A200C241BF /* Rail2RoadApp.swift in Sources */,
				BF2C4D89281E5D8200C241BF /* RegisterView.swift in Sources */,
				81377BA12910C7F500274799 /* SearchOverlay.swift in Sources */,
				8181116D292CA5A2007E57C3 /* TimeIntervalExtension.swift in Sources */,
				BF2C4D86281E5D0C00C241BF /* LoginView.swift in Sources */,
				812B3D13297E676500442896 /* ViewExtension.swift in Sources */,
				BF2C4D7B281E415F00C241BF /* DataConglomerate.swift in Sources */,
				BF8A79C22824D75E007B4AE2 /* Railyard.swift in Sources */,
				81E70B7029D24DDA00059CD5 /* ArrayExtension.swift in Sources */,
				81BF45E0295F7CB80028B622 /* ActivityIndicator.swift in Sources */,
				BF2C4D95281E5E3E00C241BF /* ReportView.swift in Sources */,
				BF2C4D8C281E5DA600C241BF /* ResetView.swift in Sources */,
			);
			runOnlyForDeploymentPostprocessing = 0;
		};
/* End PBXSourcesBuildPhase section */

/* Begin XCBuildConfiguration section */
		BF2C4D6A281E31A200C241BF /* Debug */ = {
			isa = XCBuildConfiguration;
			buildSettings = {
				ALWAYS_SEARCH_USER_PATHS = NO;
				CLANG_ANALYZER_NONNULL = YES;
				CLANG_ANALYZER_NUMBER_OBJECT_CONVERSION = YES_AGGRESSIVE;
				CLANG_CXX_LANGUAGE_STANDARD = "gnu++14";
				CLANG_CXX_LIBRARY = "libc++";
				CLANG_ENABLE_MODULES = YES;
				CLANG_ENABLE_OBJC_ARC = YES;
				CLANG_ENABLE_OBJC_WEAK = YES;
				CLANG_WARN_BLOCK_CAPTURE_AUTORELEASING = YES;
				CLANG_WARN_BOOL_CONVERSION = YES;
				CLANG_WARN_COMMA = YES;
				CLANG_WARN_CONSTANT_CONVERSION = YES;
				CLANG_WARN_DEPRECATED_OBJC_IMPLEMENTATIONS = YES;
				CLANG_WARN_DIRECT_OBJC_ISA_USAGE = YES_ERROR;
				CLANG_WARN_DOCUMENTATION_COMMENTS = YES;
				CLANG_WARN_EMPTY_BODY = YES;
				CLANG_WARN_ENUM_CONVERSION = YES;
				CLANG_WARN_INFINITE_RECURSION = YES;
				CLANG_WARN_INT_CONVERSION = YES;
				CLANG_WARN_NON_LITERAL_NULL_CONVERSION = YES;
				CLANG_WARN_OBJC_IMPLICIT_RETAIN_SELF = YES;
				CLANG_WARN_OBJC_LITERAL_CONVERSION = YES;
				CLANG_WARN_OBJC_ROOT_CLASS = YES_ERROR;
				CLANG_WARN_QUOTED_INCLUDE_IN_FRAMEWORK_HEADER = YES;
				CLANG_WARN_RANGE_LOOP_ANALYSIS = YES;
				CLANG_WARN_STRICT_PROTOTYPES = YES;
				CLANG_WARN_SUSPICIOUS_MOVE = YES;
				CLANG_WARN_UNGUARDED_AVAILABILITY = YES_AGGRESSIVE;
				CLANG_WARN_UNREACHABLE_CODE = YES;
				CLANG_WARN__DUPLICATE_METHOD_MATCH = YES;
				COPY_PHASE_STRIP = NO;
				DEBUG_INFORMATION_FORMAT = dwarf;
				ENABLE_STRICT_OBJC_MSGSEND = YES;
				ENABLE_TESTABILITY = YES;
				GCC_C_LANGUAGE_STANDARD = gnu11;
				GCC_DYNAMIC_NO_PIC = NO;
				GCC_NO_COMMON_BLOCKS = YES;
				GCC_OPTIMIZATION_LEVEL = 0;
				GCC_PREPROCESSOR_DEFINITIONS = (
					"DEBUG=1",
					"$(inherited)",
				);
				GCC_WARN_64_TO_32_BIT_CONVERSION = YES;
				GCC_WARN_ABOUT_RETURN_TYPE = YES_ERROR;
				GCC_WARN_UNDECLARED_SELECTOR = YES;
				GCC_WARN_UNINITIALIZED_AUTOS = YES_AGGRESSIVE;
				GCC_WARN_UNUSED_FUNCTION = YES;
				GCC_WARN_UNUSED_VARIABLE = YES;
				IPHONEOS_DEPLOYMENT_TARGET = 14.4;
				MTL_ENABLE_DEBUG_INFO = INCLUDE_SOURCE;
				MTL_FAST_MATH = YES;
				ONLY_ACTIVE_ARCH = YES;
				SDKROOT = iphoneos;
				SWIFT_ACTIVE_COMPILATION_CONDITIONS = DEBUG;
				SWIFT_OPTIMIZATION_LEVEL = "-Onone";
			};
			name = Debug;
		};
		BF2C4D6B281E31A200C241BF /* Release */ = {
			isa = XCBuildConfiguration;
			buildSettings = {
				ALWAYS_SEARCH_USER_PATHS = NO;
				CLANG_ANALYZER_NONNULL = YES;
				CLANG_ANALYZER_NUMBER_OBJECT_CONVERSION = YES_AGGRESSIVE;
				CLANG_CXX_LANGUAGE_STANDARD = "gnu++14";
				CLANG_CXX_LIBRARY = "libc++";
				CLANG_ENABLE_MODULES = YES;
				CLANG_ENABLE_OBJC_ARC = YES;
				CLANG_ENABLE_OBJC_WEAK = YES;
				CLANG_WARN_BLOCK_CAPTURE_AUTORELEASING = YES;
				CLANG_WARN_BOOL_CONVERSION = YES;
				CLANG_WARN_COMMA = YES;
				CLANG_WARN_CONSTANT_CONVERSION = YES;
				CLANG_WARN_DEPRECATED_OBJC_IMPLEMENTATIONS = YES;
				CLANG_WARN_DIRECT_OBJC_ISA_USAGE = YES_ERROR;
				CLANG_WARN_DOCUMENTATION_COMMENTS = YES;
				CLANG_WARN_EMPTY_BODY = YES;
				CLANG_WARN_ENUM_CONVERSION = YES;
				CLANG_WARN_INFINITE_RECURSION = YES;
				CLANG_WARN_INT_CONVERSION = YES;
				CLANG_WARN_NON_LITERAL_NULL_CONVERSION = YES;
				CLANG_WARN_OBJC_IMPLICIT_RETAIN_SELF = YES;
				CLANG_WARN_OBJC_LITERAL_CONVERSION = YES;
				CLANG_WARN_OBJC_ROOT_CLASS = YES_ERROR;
				CLANG_WARN_QUOTED_INCLUDE_IN_FRAMEWORK_HEADER = YES;
				CLANG_WARN_RANGE_LOOP_ANALYSIS = YES;
				CLANG_WARN_STRICT_PROTOTYPES = YES;
				CLANG_WARN_SUSPICIOUS_MOVE = YES;
				CLANG_WARN_UNGUARDED_AVAILABILITY = YES_AGGRESSIVE;
				CLANG_WARN_UNREACHABLE_CODE = YES;
				CLANG_WARN__DUPLICATE_METHOD_MATCH = YES;
				COPY_PHASE_STRIP = NO;
				DEBUG_INFORMATION_FORMAT = "dwarf-with-dsym";
				ENABLE_NS_ASSERTIONS = NO;
				ENABLE_STRICT_OBJC_MSGSEND = YES;
				GCC_C_LANGUAGE_STANDARD = gnu11;
				GCC_NO_COMMON_BLOCKS = YES;
				GCC_WARN_64_TO_32_BIT_CONVERSION = YES;
				GCC_WARN_ABOUT_RETURN_TYPE = YES_ERROR;
				GCC_WARN_UNDECLARED_SELECTOR = YES;
				GCC_WARN_UNINITIALIZED_AUTOS = YES_AGGRESSIVE;
				GCC_WARN_UNUSED_FUNCTION = YES;
				GCC_WARN_UNUSED_VARIABLE = YES;
				IPHONEOS_DEPLOYMENT_TARGET = 14.4;
				MTL_ENABLE_DEBUG_INFO = NO;
				MTL_FAST_MATH = YES;
				SDKROOT = iphoneos;
				SWIFT_COMPILATION_MODE = wholemodule;
				SWIFT_OPTIMIZATION_LEVEL = "-O";
				VALIDATE_PRODUCT = YES;
			};
			name = Release;
		};
		BF2C4D6D281E31A200C241BF /* Debug */ = {
			isa = XCBuildConfiguration;
			buildSettings = {
				ASSETCATALOG_COMPILER_APPICON_NAME = AppIcon;
				ASSETCATALOG_COMPILER_GLOBAL_ACCENT_COLOR_NAME = AccentColor;
				CODE_SIGN_STYLE = Automatic;
				CURRENT_PROJECT_VERSION = 3;
				DEVELOPMENT_ASSET_PATHS = "\"Rail2Road/Preview Content\"";
				DEVELOPMENT_TEAM = PCKCXX5VA8;
				ENABLE_PREVIEWS = YES;
				INFOPLIST_FILE = Rail2Road/Info.plist;
				IPHONEOS_DEPLOYMENT_TARGET = 16.2;
				LD_RUNPATH_SEARCH_PATHS = (
					"$(inherited)",
					"@executable_path/Frameworks",
				);
				MARKETING_VERSION = 0.2;
				PRODUCT_BUNDLE_IDENTIFIER = sanavpai.Rail2Road;
				PRODUCT_NAME = "$(TARGET_NAME)";
				SUPPORTED_PLATFORMS = "iphoneos iphonesimulator";
				SUPPORTS_MACCATALYST = NO;
				SUPPORTS_MAC_DESIGNED_FOR_IPHONE_IPAD = YES;
				SWIFT_VERSION = 5.0;
				TARGETED_DEVICE_FAMILY = 1;
			};
			name = Debug;
		};
		BF2C4D6E281E31A200C241BF /* Release */ = {
			isa = XCBuildConfiguration;
			buildSettings = {
				ASSETCATALOG_COMPILER_APPICON_NAME = AppIcon;
				ASSETCATALOG_COMPILER_GLOBAL_ACCENT_COLOR_NAME = AccentColor;
				CODE_SIGN_STYLE = Automatic;
				CURRENT_PROJECT_VERSION = 3;
				DEVELOPMENT_ASSET_PATHS = "\"Rail2Road/Preview Content\"";
				DEVELOPMENT_TEAM = PCKCXX5VA8;
				ENABLE_PREVIEWS = YES;
				INFOPLIST_FILE = Rail2Road/Info.plist;
				IPHONEOS_DEPLOYMENT_TARGET = 16.2;
				LD_RUNPATH_SEARCH_PATHS = (
					"$(inherited)",
					"@executable_path/Frameworks",
				);
				MARKETING_VERSION = 0.2;
				PRODUCT_BUNDLE_IDENTIFIER = sanavpai.Rail2Road;
				PRODUCT_NAME = "$(TARGET_NAME)";
				SUPPORTED_PLATFORMS = "iphoneos iphonesimulator";
				SUPPORTS_MACCATALYST = NO;
				SUPPORTS_MAC_DESIGNED_FOR_IPHONE_IPAD = YES;
				SWIFT_VERSION = 5.0;
				TARGETED_DEVICE_FAMILY = 1;
			};
			name = Release;
		};
/* End XCBuildConfiguration section */

/* Begin XCConfigurationList section */
		BF2C4D58281E31A200C241BF /* Build configuration list for PBXProject "Rail2Road" */ = {
			isa = XCConfigurationList;
			buildConfigurations = (
				BF2C4D6A281E31A200C241BF /* Debug */,
				BF2C4D6B281E31A200C241BF /* Release */,
			);
			defaultConfigurationIsVisible = 0;
			defaultConfigurationName = Release;
		};
		BF2C4D6C281E31A200C241BF /* Build configuration list for PBXNativeTarget "Rail2Road" */ = {
			isa = XCConfigurationList;
			buildConfigurations = (
				BF2C4D6D281E31A200C241BF /* Debug */,
				BF2C4D6E281E31A200C241BF /* Release */,
			);
			defaultConfigurationIsVisible = 0;
			defaultConfigurationName = Release;
		};
/* End XCConfigurationList section */

/* Begin XCRemoteSwiftPackageReference section */
		BF2C4D70281E3E2500C241BF /* XCRemoteSwiftPackageReference "firebase-ios-sdk" */ = {
			isa = XCRemoteSwiftPackageReference;
			repositoryURL = "https://github.com/firebase/firebase-ios-sdk.git";
			requirement = {
				kind = upToNextMajorVersion;
				minimumVersion = 8.15.0;
			};
		};
/* End XCRemoteSwiftPackageReference section */

/* Begin XCSwiftPackageProductDependency section */
		BF2C4D71281E3E2500C241BF /* FirebaseAuth */ = {
			isa = XCSwiftPackageProductDependency;
			package = BF2C4D70281E3E2500C241BF /* XCRemoteSwiftPackageReference "firebase-ios-sdk" */;
			productName = FirebaseAuth;
		};
		BF2C4D73281E3E2500C241BF /* FirebaseDatabaseSwift-Beta */ = {
			isa = XCSwiftPackageProductDependency;
			package = BF2C4D70281E3E2500C241BF /* XCRemoteSwiftPackageReference "firebase-ios-sdk" */;
			productName = "FirebaseDatabaseSwift-Beta";
		};
/* End XCSwiftPackageProductDependency section */
	};
	rootObject = BF2C4D55281E31A200C241BF /* Project object */;
}
